<Solution>
  <Folder Name="/Task0/">
    <Project Path="Tyuiu.ShakinVV.Sprint1.Task0.V15.Lib/Tyuiu.ShakinVV.Sprint1.Task0.V15.Lib.csproj" />
    <Project Path="Tyuiu.ShakinVV.Sprint1.Task0.V15.Test/Tyuiu.ShakinVV.Sprint1.Task0.V15.Test.csproj" />
    <Project Path="Tyuiu.ShakinVV.Sprint1.Task0.V15/Tyuiu.ShakinVV.Sprint1.Task0.V15.csproj" />
  </Folder>
  <Folder Name="/Task1/">
    <Project Path="Tyuiu.ShakinVV.Sprint1.Task1.V10.Lib/Tyuiu.ShakinVV.Sprint1.Task1.V10.Lib.csproj" Id="93c03d92-fc0e-4f64-ab83-2ffd8eee6250" />
    <Project Path="Tyuiu.ShakinVV.Sprint1.Task1.V10.Test/Tyuiu.ShakinVV.Sprint1.Task1.V10.Test.csproj" Id="b8b0e3c6-4dc8-4e20-bd9e-2914fd12878d" />
    <Project Path="Tyuiu.ShakinVV.Sprint1.Task1.V10/Tyuiu.ShakinVV.Sprint1.Task1.V10.csproj" Id="31a87948-5076-49e0-a8a6-cfd5474e3c55" />
  </Folder>
  <Folder Name="/Task2/">
    <Project Path="Tyuiu.ShakinVV.Sprint1.Task2.V14.Lib/Tyuiu.ShakinVV.Sprint1.Task2.V14.Lib.csproj" Id="00c9a6d3-91ce-4b57-8b7c-7ba805c0e308" />
    <Project Path="Tyuiu.ShakinVV.Sprint1.Task2.V14.Test/Tyuiu.ShakinVV.Sprint1.Task2.V14.Test.csproj" Id="c5af5517-e58c-41c3-8b48-163d39f4ad3b" />
    <Project Path="Tyuiu.ShakinVV.Sprint1.Task2.V14/Tyuiu.ShakinVV.Sprint1.Task2.V14.csproj" Id="8ef641ac-a2fb-4e4e-8ae4-5f3e83798170" />
  </Folder>
  <Folder Name="/Task3/">
    <Project Path="Tyuiu.ShakinVV.Sprint1.Task3.V2.Lib/Tyuiu.ShakinVV.Sprint1.Task3.V2.Lib.csproj" Id="c8e3a22d-163f-4408-b486-d4c306e5e938" />
    <Project Path="Tyuiu.ShakinVV.Sprint1.Task3.V2.Test/Tyuiu.ShakinVV.Sprint1.Task3.V2.Test.csproj" Id="ae8e879f-24fb-4b3e-9878-524da567e5cf" />
    <Project Path="Tyuiu.ShakinVV.Sprint1.Task3.V2/Tyuiu.ShakinVV.Sprint1.Task3.V2.csproj" Id="0a877f40-0738-4a33-8a0c-5021fa051154" />
  </Folder>
  <Folder Name="/Task4/">
    <Project Path="Tyuiu.ShakinVV.Sprint1.Task4.V4.Lib/Tyuiu.ShakinVV.Sprint1.Task4.V4.Lib.csproj" Id="8be32751-7687-4e9f-9f51-db8828890769" />
    <Project Path="Tyuiu.ShakinVV.Sprint1.Task4.V4.Test/Tyuiu.ShakinVV.Sprint1.Task4.V4.Test.csproj" Id="4999c154-3ab3-4103-8588-8c9e5eba562e" />
    <Project Path="Tyuiu.ShakinVV.Sprint1.Task4.V4/Tyuiu.ShakinVV.Sprint1.Task4.V4.csproj" Id="38849f89-b8e5-4c3e-9f9d-f66ffd4c6951" />
  </Folder>
  <Folder Name="/Task5/">
    <Project Path="Tyuiu.ShakinVV.Sprint1.Task5.V4.Lib/Tyuiu.ShakinVV.Sprint1.Task5.V4.Lib.csproj" Id="0a6c71a1-a901-4d22-9621-71362aaab77f" />
    <Project Path="Tyuiu.ShakinVV.Sprint1.Task5.V4.Test/Tyuiu.ShakinVV.Sprint1.Task5.V4.Test.csproj" Id="2937a7d3-ef53-4140-8ae9-0c69e187d4c5" />
    <Project Path="Tyuiu.ShakinVV.Sprint1.Task5.V4/Tyuiu.ShakinVV.Sprint1.Task5.V4.csproj" Id="dc8cd367-6ba6-4d62-aa02-4ca68a25524f" />
  </Folder>
</Solution>
