<Solution>
  <Folder Name="/Task0/">
    <Project Path="Tyuiu.ShakinVV.Sprint1.Task0.V15.Lib/Tyuiu.ShakinVV.Sprint1.Task0.V15.Lib.csproj" />
    <Project Path="Tyuiu.ShakinVV.Sprint1.Task0.V15.Test/Tyuiu.ShakinVV.Sprint1.Task0.V15.Test.csproj" />
    <Project Path="Tyuiu.ShakinVV.Sprint1.Task0.V15/Tyuiu.ShakinVV.Sprint1.Task0.V15.csproj" />
  </Folder>
</Solution>
